
Microsoft Visual Studio Solution File, Format Version 12.00
# Visual Studio Version 17
VisualStudioVersion = 17.4.32804.182
MinimumVisualStudioVersion = 10.0.40219.1
Project("{9A19103F-16F7-4668-BE54-9A1E7A4F7556}") = "Lazlo.ICS.Reference.Worker", "Lazlo.ICS.Reference.Worker\Lazlo.ICS.Reference.Worker.csproj", "{E065FD90-A43B-4922-B80A-EBD7EE723BB7}"
EndProject
Project("{9A19103F-16F7-4668-BE54-9A1E7A4F7556}") = "Lazlo.Reference.KeyGenerator", "Lazlo.Reference.KeyGenerator\Lazlo.Reference.KeyGenerator.csproj", "{4EA2BD56-055E-42F2-961C-77FF4A496B9A}"
EndProject
Project("{9A19103F-16F7-4668-BE54-9A1E7A4F7556}") = "Lazlo.ICS.Reference.Aggregation", "Lazlo.ICS.Reference.Aggregation\Lazlo.ICS.Reference.Aggregation.csproj", "{962EDF08-5304-4319-A9CE-98066EA0481E}"
EndProject
Project("{FAE04EC0-301F-11D3-BF4B-00C04F79EFBC}") = "Lazlo.ICS.Reference.External", "Lazlo.ICS.Reference.External\Lazlo.ICS.Reference.External.csproj", "{58558E57-167D-446B-8B5C-85528D3D8991}"
EndProject
Global
	GlobalSection(SolutionConfigurationPlatforms) = preSolution
		Debug|Any CPU = Debug|Any CPU
		Release|Any CPU = Release|Any CPU
	EndGlobalSection
	GlobalSection(ProjectConfigurationPlatforms) = postSolution
		{E065FD90-A43B-4922-B80A-EBD7EE723BB7}.Debug|Any CPU.ActiveCfg = Debug|Any CPU
		{E065FD90-A43B-4922-B80A-EBD7EE723BB7}.Debug|Any CPU.Build.0 = Debug|Any CPU
		{E065FD90-A43B-4922-B80A-EBD7EE723BB7}.Release|Any CPU.ActiveCfg = Release|Any CPU
		{E065FD90-A43B-4922-B80A-EBD7EE723BB7}.Release|Any CPU.Build.0 = Release|Any CPU
		{4EA2BD56-055E-42F2-961C-77FF4A496B9A}.Debug|Any CPU.ActiveCfg = Debug|Any CPU
		{4EA2BD56-055E-42F2-961C-77FF4A496B9A}.Debug|Any CPU.Build.0 = Debug|Any CPU
		{4EA2BD56-055E-42F2-961C-77FF4A496B9A}.Release|Any CPU.ActiveCfg = Release|Any CPU
		{4EA2BD56-055E-42F2-961C-77FF4A496B9A}.Release|Any CPU.Build.0 = Release|Any CPU
		{962EDF08-5304-4319-A9CE-98066EA0481E}.Debug|Any CPU.ActiveCfg = Debug|Any CPU
		{962EDF08-5304-4319-A9CE-98066EA0481E}.Debug|Any CPU.Build.0 = Debug|Any CPU
		{962EDF08-5304-4319-A9CE-98066EA0481E}.Release|Any CPU.ActiveCfg = Release|Any CPU
		{962EDF08-5304-4319-A9CE-98066EA0481E}.Release|Any CPU.Build.0 = Release|Any CPU
		{58558E57-167D-446B-8B5C-85528D3D8991}.Debug|Any CPU.ActiveCfg = Debug|Any CPU
		{58558E57-167D-446B-8B5C-85528D3D8991}.Debug|Any CPU.Build.0 = Debug|Any CPU
		{58558E57-167D-446B-8B5C-85528D3D8991}.Release|Any CPU.ActiveCfg = Release|Any CPU
		{58558E57-167D-446B-8B5C-85528D3D8991}.Release|Any CPU.Build.0 = Release|Any CPU
	EndGlobalSection
	GlobalSection(SolutionProperties) = preSolution
		HideSolutionNode = FALSE
	EndGlobalSection
	GlobalSection(ExtensibilityGlobals) = postSolution
		SolutionGuid = {458566E9-4747-4646-8E0D-06718B036B66}
	EndGlobalSection
EndGlobal
